
Microsoft Visual Studio Solution File, Format Version 12.00
# Visual Studio Version 17
VisualStudioVersion = 17.2.32630.192
MinimumVisualStudioVersion = 10.0.40219.1
Project("{FAE04EC0-301F-11D3-BF4B-00C04F79EFBC}") = "TrainPlan", "TrainPlan\TrainPlan.csproj", "{3840C4DC-14E0-4A9A-8EF6-62979E132735}"
EndProject
Global
	GlobalSection(SolutionConfigurationPlatforms) = preSolution
		Debug|Any CPU = Debug|Any CPU
		Release|Any CPU = Release|Any CPU
	EndGlobalSection
	GlobalSection(ProjectConfigurationPlatforms) = postSolution
		{3840C4DC-14E0-4A9A-8EF6-62979E132735}.Debug|Any CPU.ActiveCfg = Debug|Any CPU
		{3840C4DC-14E0-4A9A-8EF6-62979E132735}.Debug|Any CPU.Build.0 = Debug|Any CPU
		{3840C4DC-14E0-4A9A-8EF6-62979E132735}.Release|Any CPU.ActiveCfg = Release|Any CPU
		{3840C4DC-14E0-4A9A-8EF6-62979E132735}.Release|Any CPU.Build.0 = Release|Any CPU
	EndGlobalSection
	GlobalSection(SolutionProperties) = preSolution
		HideSolutionNode = FALSE
	EndGlobalSection
	GlobalSection(ExtensibilityGlobals) = postSolution
		SolutionGuid = {5E8532CC-D2A3-426B-BCD0-27FB25DCA49F}
	EndGlobalSection
EndGlobal
